
Microsoft Visual Studio Solution File, Format Version 12.00
# Visual Studio Version 16
VisualStudioVersion = 16.0.29905.134
MinimumVisualStudioVersion = 10.0.40219.1
Project("{FAE04EC0-301F-11D3-BF4B-00C04F79EFBC}") = "BooksApi", "BooksApi\BooksApi.csproj", "{B3914D94-1B67-4594-A2FF-A54D6E6BEEF3}"
EndProject
Project("{FAE04EC0-301F-11D3-BF4B-00C04F79EFBC}") = "DataLayer", "DataLayer\DataLayer.csproj", "{4CE71D45-1B65-413F-9517-65F4FF12CE8C}"
EndProject
Project("{FAE04EC0-301F-11D3-BF4B-00C04F79EFBC}") = "BLL", "BLL\BLL.csproj", "{8D3F64C6-041D-4B61-8BD2-7D868713DCE8}"
EndProject
Global
	GlobalSection(SolutionConfigurationPlatforms) = preSolution
		Debug|Any CPU = Debug|Any CPU
		Release|Any CPU = Release|Any CPU
	EndGlobalSection
	GlobalSection(ProjectConfigurationPlatforms) = postSolution
		{B3914D94-1B67-4594-A2FF-A54D6E6BEEF3}.Debug|Any CPU.ActiveCfg = Debug|Any CPU
		{B3914D94-1B67-4594-A2FF-A54D6E6BEEF3}.Debug|Any CPU.Build.0 = Debug|Any CPU
		{B3914D94-1B67-4594-A2FF-A54D6E6BEEF3}.Release|Any CPU.ActiveCfg = Release|Any CPU
		{B3914D94-1B67-4594-A2FF-A54D6E6BEEF3}.Release|Any CPU.Build.0 = Release|Any CPU
		{4CE71D45-1B65-413F-9517-65F4FF12CE8C}.Debug|Any CPU.ActiveCfg = Debug|Any CPU
		{4CE71D45-1B65-413F-9517-65F4FF12CE8C}.Debug|Any CPU.Build.0 = Debug|Any CPU
		{4CE71D45-1B65-413F-9517-65F4FF12CE8C}.Release|Any CPU.ActiveCfg = Release|Any CPU
		{4CE71D45-1B65-413F-9517-65F4FF12CE8C}.Release|Any CPU.Build.0 = Release|Any CPU
		{8D3F64C6-041D-4B61-8BD2-7D868713DCE8}.Debug|Any CPU.ActiveCfg = Debug|Any CPU
		{8D3F64C6-041D-4B61-8BD2-7D868713DCE8}.Debug|Any CPU.Build.0 = Debug|Any CPU
		{8D3F64C6-041D-4B61-8BD2-7D868713DCE8}.Release|Any CPU.ActiveCfg = Release|Any CPU
		{8D3F64C6-041D-4B61-8BD2-7D868713DCE8}.Release|Any CPU.Build.0 = Release|Any CPU
	EndGlobalSection
	GlobalSection(SolutionProperties) = preSolution
		HideSolutionNode = FALSE
	EndGlobalSection
	GlobalSection(ExtensibilityGlobals) = postSolution
		SolutionGuid = {8A9CC33C-698C-4BBB-B134-F271A79C8B19}
	EndGlobalSection
EndGlobal
